
Microsoft Visual Studio Solution File, Format Version 12.00
# Visual Studio Version 17
VisualStudioVersion = 17.7.34024.191
MinimumVisualStudioVersion = 10.0.40219.1
Project("{9A19103F-16F7-4668-BE54-9A1E7A4F7556}") = "jefApp", "jefApp\jefApp.csproj", "{5D515EF7-8873-4359-8E6A-F6051C5F0EE1}"
EndProject
Global
	GlobalSection(SolutionConfigurationPlatforms) = preSolution
		Debug|Any CPU = Debug|Any CPU
		Release|Any CPU = Release|Any CPU
	EndGlobalSection
	GlobalSection(ProjectConfigurationPlatforms) = postSolution
		{5D515EF7-8873-4359-8E6A-F6051C5F0EE1}.Debug|Any CPU.ActiveCfg = Debug|Any CPU
		{5D515EF7-8873-4359-8E6A-F6051C5F0EE1}.Debug|Any CPU.Build.0 = Debug|Any CPU
		{5D515EF7-8873-4359-8E6A-F6051C5F0EE1}.Release|Any CPU.ActiveCfg = Release|Any CPU
		{5D515EF7-8873-4359-8E6A-F6051C5F0EE1}.Release|Any CPU.Build.0 = Release|Any CPU
	EndGlobalSection
	GlobalSection(SolutionProperties) = preSolution
		HideSolutionNode = FALSE
	EndGlobalSection
	GlobalSection(ExtensibilityGlobals) = postSolution
		SolutionGuid = {5CDE9ADF-222A-46D1-9434-5D30867A26E6}
	EndGlobalSection
EndGlobal
